PODS:
  - Alamofire (4.8.0)
  - FSCalendar (2.8.0)
  - GoogleMaps (2.7.0):
    - GoogleMaps/Maps (= 2.7.0)
  - GoogleMaps/Base (2.7.0)
  - GoogleMaps/Maps (2.7.0):
    - GoogleMaps/Base
  - GooglePlacePicker (2.7.0):
    - GoogleMaps (= 2.7.0)
    - GooglePlaces (= 2.7.0)
  - GooglePlaces (2.7.0):
    - GoogleMaps/Base (= 2.7.0)
  - HCSStarRatingView (1.5)
  - IQKeyboardManagerSwift (6.2.0)
  - SwiftRangeSlider (2.0.0)
  - TagListView (1.3.2)
  - TTSegmentedControl (0.4.7)
  - VACalendar (1.3)

DEPENDENCIES:
  - Alamofire
  - FSCalendar
  - GoogleMaps
  - GooglePlacePicker
  - GooglePlaces
  - HCSStarRatingView
  - IQKeyboardManagerSwift
  - SwiftRangeSlider
  - TagListView
  - TTSegmentedControl
  - VACalendar

SPEC REPOS:
  https://github.com/cocoapods/specs.git:
    - Alamofire
    - FSCalendar
    - GoogleMaps
    - GooglePlacePicker
    - GooglePlaces
    - HCSStarRatingView
    - IQKeyboardManagerSwift
    - SwiftRangeSlider
    - TagListView
    - TTSegmentedControl
    - VACalendar

SPEC CHECKSUMS:
  Alamofire: 3ec537f71edc9804815215393ae2b1a8ea33a844
  FSCalendar: 3a5ed3636e2ba1b83ebebfcf0c2603105a6f5efe
  GoogleMaps: f79af95cb24d869457b1f961c93d3ce8b2f3b848
  GooglePlacePicker: 59ea44db173c58486ad6123993e81feefcbce9c3
  GooglePlaces: 3d06e6c99654545b4738ce49648745779c25f2ef
  HCSStarRatingView: 1d18f79654735514cd6f00e6d90e38cb6320dc31
  IQKeyboardManagerSwift: b07ccf9d8cafe993dcd6cb794eb4ba34611a0c4e
  SwiftRangeSlider: f86e3b637c961120158fa1a89277c8343845cbe4
  TagListView: 0c7e9c26b9aff858224ee6b155f5fcacd9e27c83
  TTSegmentedControl: 422a8fab507a02a60050476d69d577052550f592
  VACalendar: 3e5a001cbf437ebed2bcfc747f3187e555d65175

PODFILE CHECKSUM: 98d1ec72ac1608abbcfb745fbb3eb744cbdfd1ce

COCOAPODS: 1.5.2
